version = 1
revision = 3
requires-python = ">=3.14"

[manifest]
members = [
    "day1",
    "day2",
    "week1",
]

[[package]]
name = "day1"
version = "0.1.0"
source = { virtual = "day1" }

[[package]]
name = "day2"
version = "0.1.0"
source = { virtual = "day2" }

[[package]]
name = "week1"
version = "0.1.0"
source = { virtual = "." }
